[[package]]
name = "shuttle-runtime"
version = "0.49.0"
source = "registry+https://github.com/rust-lang/crates.io-index"
checksum = "337789faa0372648a8ac286b2f92a53121fe118f12e29009ac504872a5413cc6"

[[package]]
name = "shuttle-service"
version = "0.49.0"
source = "registry+https://github.com/rust-lang/crates.io-index"
checksum = "22ba454b13e4e29b5b892a62c334360a571de5a25c936283416c94328427dd57"
